
Microsoft Visual Studio Solution File, Format Version 12.00
# Visual Studio Version 16
VisualStudioVersion = 16.0.31229.75
MinimumVisualStudioVersion = 10.0.40219.1
Project("{FAE04EC0-301F-11D3-BF4B-00C04F79EFBC}") = "Timekeeping System v1.2.0.2", "Timekeeping System v1.2.0.2.csproj", "{57431718-BC26-4C70-AEA4-4A3F5F2860D0}"
EndProject
Global
	GlobalSection(SolutionConfigurationPlatforms) = preSolution
		Debug|Any CPU = Debug|Any CPU
		Release|Any CPU = Release|Any CPU
	EndGlobalSection
	GlobalSection(ProjectConfigurationPlatforms) = postSolution
		{57431718-BC26-4C70-AEA4-4A3F5F2860D0}.Debug|Any CPU.ActiveCfg = Debug|Any CPU
		{57431718-BC26-4C70-AEA4-4A3F5F2860D0}.Debug|Any CPU.Build.0 = Debug|Any CPU
		{57431718-BC26-4C70-AEA4-4A3F5F2860D0}.Release|Any CPU.ActiveCfg = Release|Any CPU
		{57431718-BC26-4C70-AEA4-4A3F5F2860D0}.Release|Any CPU.Build.0 = Release|Any CPU
	EndGlobalSection
	GlobalSection(SolutionProperties) = preSolution
		HideSolutionNode = FALSE
	EndGlobalSection
	GlobalSection(ExtensibilityGlobals) = postSolution
		SolutionGuid = {542A8903-FAA3-47D4-BD1C-75FBE58F536D}
	EndGlobalSection
EndGlobal
